{
  "name": "trading-bot",
  "version": "0.3.0",
  "lockfileVersion": 1,
  "requires": true,
  "dependencies": {
    "clone": {
      "version": "1.0.4",
      "resolved": "https://registry.npmjs.org/clone/-/clone-1.0.4.tgz",
      "integrity": "sha1-2jCcwmPfFZlMaIypAheco8fNfH4=",
      "optional": true
    },
    "console.table": {
      "version": "0.10.0",
      "resolved": "https://registry.npmjs.org/console.table/-/console.table-0.10.0.tgz",
      "integrity": "sha1-CRcCVYiHW+/XDPLv9L7yxuLXXQQ=",
      "requires": {
        "easy-table": "1.1.0"
      }
    },
    "defaults": {
      "version": "1.0.3",
      "resolved": "https://registry.npmjs.org/defaults/-/defaults-1.0.3.tgz",
      "integrity": "sha1-xlYFHpgX2f8I7YgUd/P+QBnz730=",
      "optional": true,
      "requires": {
        "clone": "^1.0.2"
      }
    },
    "easy-table": {
      "version": "1.1.0",
      "resolved": "https://registry.npmjs.org/easy-table/-/easy-table-1.1.0.tgz",
      "integrity": "sha1-hvmrTBAvA3G3KXuSplHVgkvIy3M=",
      "requires": {
        "wcwidth": ">=1.0.1"
      }
    },
    "moment": {
      "version": "2.29.1",
      "resolved": "https://registry.npmjs.org/moment/-/moment-2.29.1.tgz",
      "integrity": "sha512-kHmoybcPV8Sqy59DwNDY3Jefr64lK/by/da0ViFcuA4DH0vQg5Q6Ze5VimxkfQNSC+Mls/Kx53s7TjP1RhFEDQ=="
    },
    "moment-timezone": {
      "version": "0.5.33",
      "resolved": "https://registry.npmjs.org/moment-timezone/-/moment-timezone-0.5.33.tgz",
      "integrity": "sha512-PTc2vcT8K9J5/9rDEPe5czSIKgLoGsH8UNpA4qZTVw0Vd/Uz19geE9abbIOQKaAQFcnQ3v5YEXrbSc5BpshH+w==",
      "requires": {
        "moment": ">= 2.9.0"
      }
    },
    "wcwidth": {
      "version": "1.0.1",
      "resolved": "https://registry.npmjs.org/wcwidth/-/wcwidth-1.0.1.tgz",
      "integrity": "sha1-8LDc+RW8X/FSivrbLA4XtTLaL+g=",
      "optional": true,
      "requires": {
        "defaults": "^1.0.3"
      }
    }
  }
}
